
Microsoft Visual Studio Solution File, Format Version 12.00
# Visual Studio Version 17
VisualStudioVersion = 17.5.33516.290
MinimumVisualStudioVersion = 10.0.40219.1
Project("{9A19103F-16F7-4668-BE54-9A1E7A4F7556}") = "FPTBookManagement", "FPTBookManagement\FPTBookManagement.csproj", "{BA94D3CC-B17F-43AA-A16D-929FCAD20F67}"
EndProject
Global
	GlobalSection(SolutionConfigurationPlatforms) = preSolution
		Debug|Any CPU = Debug|Any CPU
		Release|Any CPU = Release|Any CPU
	EndGlobalSection
	GlobalSection(ProjectConfigurationPlatforms) = postSolution
		{BA94D3CC-B17F-43AA-A16D-929FCAD20F67}.Debug|Any CPU.ActiveCfg = Debug|Any CPU
		{BA94D3CC-B17F-43AA-A16D-929FCAD20F67}.Debug|Any CPU.Build.0 = Debug|Any CPU
		{BA94D3CC-B17F-43AA-A16D-929FCAD20F67}.Release|Any CPU.ActiveCfg = Release|Any CPU
		{BA94D3CC-B17F-43AA-A16D-929FCAD20F67}.Release|Any CPU.Build.0 = Release|Any CPU
	EndGlobalSection
	GlobalSection(SolutionProperties) = preSolution
		HideSolutionNode = FALSE
	EndGlobalSection
	GlobalSection(ExtensibilityGlobals) = postSolution
		SolutionGuid = {1B73A898-F7EB-4F64-A131-BA2FEA993C1D}
	EndGlobalSection
EndGlobal
